
Microsoft Visual Studio Solution File, Format Version 12.00
# Visual Studio Version 16
VisualStudioVersion = 16.0.32929.386
MinimumVisualStudioVersion = 10.0.40219.1
Project("{9A19103F-16F7-4668-BE54-9A1E7A4F7556}") = "AreaLib", "AreaLib.csproj", "{AFCEDAC6-6FCF-478D-A2F5-E8C1B9866DF7}"
EndProject
Project("{9A19103F-16F7-4668-BE54-9A1E7A4F7556}") = "AreaLibTests", "..\AreaLibTests\AreaLibTests.csproj", "{13C7BCF9-F5FB-4CB7-AA23-D32AE2ED35F0}"
EndProject
Global
	GlobalSection(SolutionConfigurationPlatforms) = preSolution
		Debug|Any CPU = Debug|Any CPU
		Release|Any CPU = Release|Any CPU
	EndGlobalSection
	GlobalSection(ProjectConfigurationPlatforms) = postSolution
		{AFCEDAC6-6FCF-478D-A2F5-E8C1B9866DF7}.Debug|Any CPU.ActiveCfg = Debug|Any CPU
		{AFCEDAC6-6FCF-478D-A2F5-E8C1B9866DF7}.Debug|Any CPU.Build.0 = Debug|Any CPU
		{AFCEDAC6-6FCF-478D-A2F5-E8C1B9866DF7}.Release|Any CPU.ActiveCfg = Release|Any CPU
		{AFCEDAC6-6FCF-478D-A2F5-E8C1B9866DF7}.Release|Any CPU.Build.0 = Release|Any CPU
		{13C7BCF9-F5FB-4CB7-AA23-D32AE2ED35F0}.Debug|Any CPU.ActiveCfg = Debug|Any CPU
		{13C7BCF9-F5FB-4CB7-AA23-D32AE2ED35F0}.Debug|Any CPU.Build.0 = Debug|Any CPU
		{13C7BCF9-F5FB-4CB7-AA23-D32AE2ED35F0}.Release|Any CPU.ActiveCfg = Release|Any CPU
		{13C7BCF9-F5FB-4CB7-AA23-D32AE2ED35F0}.Release|Any CPU.Build.0 = Release|Any CPU
	EndGlobalSection
	GlobalSection(SolutionProperties) = preSolution
		HideSolutionNode = FALSE
	EndGlobalSection
	GlobalSection(ExtensibilityGlobals) = postSolution
		SolutionGuid = {9227215C-CDBA-41A9-9017-D34FA607CE1A}
	EndGlobalSection
EndGlobal
